
Microsoft Visual Studio Solution File, Format Version 12.00
# Visual Studio Version 17
VisualStudioVersion = 17.2.32519.379
MinimumVisualStudioVersion = 10.0.40219.1
Project("{FAE04EC0-301F-11D3-BF4B-00C04F79EFBC}") = "API", "Back-End-Pedidos\API.csproj", "{AF654FD0-BD88-43C4-A844-A50AE6B3A225}"
EndProject
Project("{FAE04EC0-301F-11D3-BF4B-00C04F79EFBC}") = "Models", "Models\Models.csproj", "{2422AB1C-D882-41C6-ADD4-EFCCA3859167}"
EndProject
Project("{FAE04EC0-301F-11D3-BF4B-00C04F79EFBC}") = "Data", "Data\Data.csproj", "{AFFEFB75-9A32-4DE4-9D04-2976A74605E8}"
EndProject
Global
	GlobalSection(SolutionConfigurationPlatforms) = preSolution
		Debug|Any CPU = Debug|Any CPU
		Release|Any CPU = Release|Any CPU
	EndGlobalSection
	GlobalSection(ProjectConfigurationPlatforms) = postSolution
		{AF654FD0-BD88-43C4-A844-A50AE6B3A225}.Debug|Any CPU.ActiveCfg = Debug|Any CPU
		{AF654FD0-BD88-43C4-A844-A50AE6B3A225}.Debug|Any CPU.Build.0 = Debug|Any CPU
		{AF654FD0-BD88-43C4-A844-A50AE6B3A225}.Release|Any CPU.ActiveCfg = Release|Any CPU
		{AF654FD0-BD88-43C4-A844-A50AE6B3A225}.Release|Any CPU.Build.0 = Release|Any CPU
		{2422AB1C-D882-41C6-ADD4-EFCCA3859167}.Debug|Any CPU.ActiveCfg = Debug|Any CPU
		{2422AB1C-D882-41C6-ADD4-EFCCA3859167}.Debug|Any CPU.Build.0 = Debug|Any CPU
		{2422AB1C-D882-41C6-ADD4-EFCCA3859167}.Release|Any CPU.ActiveCfg = Release|Any CPU
		{2422AB1C-D882-41C6-ADD4-EFCCA3859167}.Release|Any CPU.Build.0 = Release|Any CPU
		{AFFEFB75-9A32-4DE4-9D04-2976A74605E8}.Debug|Any CPU.ActiveCfg = Debug|Any CPU
		{AFFEFB75-9A32-4DE4-9D04-2976A74605E8}.Debug|Any CPU.Build.0 = Debug|Any CPU
		{AFFEFB75-9A32-4DE4-9D04-2976A74605E8}.Release|Any CPU.ActiveCfg = Release|Any CPU
		{AFFEFB75-9A32-4DE4-9D04-2976A74605E8}.Release|Any CPU.Build.0 = Release|Any CPU
	EndGlobalSection
	GlobalSection(SolutionProperties) = preSolution
		HideSolutionNode = FALSE
	EndGlobalSection
	GlobalSection(ExtensibilityGlobals) = postSolution
		SolutionGuid = {4D04EABF-167A-475C-93A9-B608FB459E10}
	EndGlobalSection
EndGlobal
